
Microsoft Visual Studio Solution File, Format Version 12.00
# Visual Studio 15
VisualStudioVersion = 15.0.27130.2036
MinimumVisualStudioVersion = 10.0.40219.1
Project("{FAE04EC0-301F-11D3-BF4B-00C04F79EFBC}") = "MVVMLearning.Android", "MVVMLearning\MVVMLearning.Android\MVVMLearning.Android.csproj", "{B1FD7C92-26E7-4213-8C2B-6221A482DC88}"
EndProject
Project("{FAE04EC0-301F-11D3-BF4B-00C04F79EFBC}") = "MVVMLearning.iOS", "MVVMLearning\MVVMLearning.iOS\MVVMLearning.iOS.csproj", "{4730A06F-3CF6-4BF1-87A3-F54E0CD16850}"
EndProject
Project("{FAE04EC0-301F-11D3-BF4B-00C04F79EFBC}") = "MVVMLearning.UWP", "MVVMLearning\MVVMLearning.UWP\MVVMLearning.UWP.csproj", "{5FEC30DF-536B-41CC-939A-FA760F628A5D}"
EndProject
Project("{FAE04EC0-301F-11D3-BF4B-00C04F79EFBC}") = "MVVMLearning", "MVVMLearning\MVVMLearning\MVVMLearning.csproj", "{A1D95762-B17F-441D-BAA3-533456753108}"
EndProject
Global
	GlobalSection(SolutionConfigurationPlatforms) = preSolution
		Ad-Hoc|Any CPU = Ad-Hoc|Any CPU
		Ad-Hoc|ARM = Ad-Hoc|ARM
		Ad-Hoc|iPhone = Ad-Hoc|iPhone
		Ad-Hoc|iPhoneSimulator = Ad-Hoc|iPhoneSimulator
		Ad-Hoc|x64 = Ad-Hoc|x64
		Ad-Hoc|x86 = Ad-Hoc|x86
		AppStore|Any CPU = AppStore|Any CPU
		AppStore|ARM = AppStore|ARM
		AppStore|iPhone = AppStore|iPhone
		AppStore|iPhoneSimulator = AppStore|iPhoneSimulator
		AppStore|x64 = AppStore|x64
		AppStore|x86 = AppStore|x86
		Debug|Any CPU = Debug|Any CPU
		Debug|ARM = Debug|ARM
		Debug|iPhone = Debug|iPhone
		Debug|iPhoneSimulator = Debug|iPhoneSimulator
		Debug|x64 = Debug|x64
		Debug|x86 = Debug|x86
		Release|Any CPU = Release|Any CPU
		Release|ARM = Release|ARM
		Release|iPhone = Release|iPhone
		Release|iPhoneSimulator = Release|iPhoneSimulator
		Release|x64 = Release|x64
		Release|x86 = Release|x86
	EndGlobalSection
	GlobalSection(ProjectConfigurationPlatforms) = postSolution
		{B1FD7C92-26E7-4213-8C2B-6221A482DC88}.Ad-Hoc|Any CPU.ActiveCfg = Release|Any CPU
		{B1FD7C92-26E7-4213-8C2B-6221A482DC88}.Ad-Hoc|Any CPU.Build.0 = Release|Any CPU
		{B1FD7C92-26E7-4213-8C2B-6221A482DC88}.Ad-Hoc|Any CPU.Deploy.0 = Release|Any CPU
		{B1FD7C92-26E7-4213-8C2B-6221A482DC88}.Ad-Hoc|ARM.ActiveCfg = Release|Any CPU
		{B1FD7C92-26E7-4213-8C2B-6221A482DC88}.Ad-Hoc|ARM.Build.0 = Release|Any CPU
		{B1FD7C92-26E7-4213-8C2B-6221A482DC88}.Ad-Hoc|ARM.Deploy.0 = Release|Any CPU
		{B1FD7C92-26E7-4213-8C2B-6221A482DC88}.Ad-Hoc|iPhone.ActiveCfg = Release|Any CPU
		{B1FD7C92-26E7-4213-8C2B-6221A482DC88}.Ad-Hoc|iPhone.Build.0 = Release|Any CPU
		{B1FD7C92-26E7-4213-8C2B-6221A482DC88}.Ad-Hoc|iPhone.Deploy.0 = Release|Any CPU
		{B1FD7C92-26E7-4213-8C2B-6221A482DC88}.Ad-Hoc|iPhoneSimulator.ActiveCfg = Release|Any CPU
		{B1FD7C92-26E7-4213-8C2B-6221A482DC88}.Ad-Hoc|iPhoneSimulator.Build.0 = Release|Any CPU
		{B1FD7C92-26E7-4213-8C2B-6221A482DC88}.Ad-Hoc|iPhoneSimulator.Deploy.0 = Release|Any CPU
		{B1FD7C92-26E7-4213-8C2B-6221A482DC88}.Ad-Hoc|x64.ActiveCfg = Release|Any CPU
		{B1FD7C92-26E7-4213-8C2B-6221A482DC88}.Ad-Hoc|x64.Build.0 = Release|Any CPU
		{B1FD7C92-26E7-4213-8C2B-6221A482DC88}.Ad-Hoc|x64.Deploy.0 = Release|Any CPU
		{B1FD7C92-26E7-4213-8C2B-6221A482DC88}.Ad-Hoc|x86.ActiveCfg = Release|Any CPU
		{B1FD7C92-26E7-4213-8C2B-6221A482DC88}.Ad-Hoc|x86.Build.0 = Release|Any CPU
		{B1FD7C92-26E7-4213-8C2B-6221A482DC88}.Ad-Hoc|x86.Deploy.0 = Release|Any CPU
		{B1FD7C92-26E7-4213-8C2B-6221A482DC88}.AppStore|Any CPU.ActiveCfg = Release|Any CPU
		{B1FD7C92-26E7-4213-8C2B-6221A482DC88}.AppStore|Any CPU.Build.0 = Release|Any CPU
		{B1FD7C92-26E7-4213-8C2B-6221A482DC88}.AppStore|Any CPU.Deploy.0 = Release|Any CPU
		{B1FD7C92-26E7-4213-8C2B-6221A482DC88}.AppStore|ARM.ActiveCfg = Release|Any CPU
		{B1FD7C92-26E7-4213-8C2B-6221A482DC88}.AppStore|ARM.Build.0 = Release|Any CPU
		{B1FD7C92-26E7-4213-8C2B-6221A482DC88}.AppStore|ARM.Deploy.0 = Release|Any CPU
		{B1FD7C92-26E7-4213-8C2B-6221A482DC88}.AppStore|iPhone.ActiveCfg = Release|Any CPU
		{B1FD7C92-26E7-4213-8C2B-6221A482DC88}.AppStore|iPhone.Build.0 = Release|Any CPU
		{B1FD7C92-26E7-4213-8C2B-6221A482DC88}.AppStore|iPhone.Deploy.0 = Release|Any CPU
		{B1FD7C92-26E7-4213-8C2B-6221A482DC88}.AppStore|iPhoneSimulator.ActiveCfg = Release|Any CPU
		{B1FD7C92-26E7-4213-8C2B-6221A482DC88}.AppStore|iPhoneSimulator.Build.0 = Release|Any CPU
		{B1FD7C92-26E7-4213-8C2B-6221A482DC88}.AppStore|iPhoneSimulator.Deploy.0 = Release|Any CPU
		{B1FD7C92-26E7-4213-8C2B-6221A482DC88}.AppStore|x64.ActiveCfg = Release|Any CPU
		{B1FD7C92-26E7-4213-8C2B-6221A482DC88}.AppStore|x64.Build.0 = Release|Any CPU
		{B1FD7C92-26E7-4213-8C2B-6221A482DC88}.AppStore|x64.Deploy.0 = Release|Any CPU
		{B1FD7C92-26E7-4213-8C2B-6221A482DC88}.AppStore|x86.ActiveCfg = Release|Any CPU
		{B1FD7C92-26E7-4213-8C2B-6221A482DC88}.AppStore|x86.Build.0 = Release|Any CPU
		{B1FD7C92-26E7-4213-8C2B-6221A482DC88}.AppStore|x86.Deploy.0 = Release|Any CPU
		{B1FD7C92-26E7-4213-8C2B-6221A482DC88}.Debug|Any CPU.ActiveCfg = Debug|Any CPU
		{B1FD7C92-26E7-4213-8C2B-6221A482DC88}.Debug|Any CPU.Build.0 = Debug|Any CPU
		{B1FD7C92-26E7-4213-8C2B-6221A482DC88}.Debug|Any CPU.Deploy.0 = Debug|Any CPU
		{B1FD7C92-26E7-4213-8C2B-6221A482DC88}.Debug|ARM.ActiveCfg = Debug|Any CPU
		{B1FD7C92-26E7-4213-8C2B-6221A482DC88}.Debug|ARM.Build.0 = Debug|Any CPU
		{B1FD7C92-26E7-4213-8C2B-6221A482DC88}.Debug|ARM.Deploy.0 = Debug|Any CPU
		{B1FD7C92-26E7-4213-8C2B-6221A482DC88}.Debug|iPhone.ActiveCfg = Debug|Any CPU
		{B1FD7C92-26E7-4213-8C2B-6221A482DC88}.Debug|iPhone.Build.0 = Debug|Any CPU
		{B1FD7C92-26E7-4213-8C2B-6221A482DC88}.Debug|iPhone.Deploy.0 = Debug|Any CPU
		{B1FD7C92-26E7-4213-8C2B-6221A482DC88}.Debug|iPhoneSimulator.ActiveCfg = Debug|Any CPU
		{B1FD7C92-26E7-4213-8C2B-6221A482DC88}.Debug|iPhoneSimulator.Build.0 = Debug|Any CPU
		{B1FD7C92-26E7-4213-8C2B-6221A482DC88}.Debug|iPhoneSimulator.Deploy.0 = Debug|Any CPU
		{B1FD7C92-26E7-4213-8C2B-6221A482DC88}.Debug|x64.ActiveCfg = Debug|Any CPU
		{B1FD7C92-26E7-4213-8C2B-6221A482DC88}.Debug|x64.Build.0 = Debug|Any CPU
		{B1FD7C92-26E7-4213-8C2B-6221A482DC88}.Debug|x64.Deploy.0 = Debug|Any CPU
		{B1FD7C92-26E7-4213-8C2B-6221A482DC88}.Debug|x86.ActiveCfg = Debug|Any CPU
		{B1FD7C92-26E7-4213-8C2B-6221A482DC88}.Debug|x86.Build.0 = Debug|Any CPU
		{B1FD7C92-26E7-4213-8C2B-6221A482DC88}.Debug|x86.Deploy.0 = Debug|Any CPU
		{B1FD7C92-26E7-4213-8C2B-6221A482DC88}.Release|Any CPU.ActiveCfg = Release|Any CPU
		{B1FD7C92-26E7-4213-8C2B-6221A482DC88}.Release|Any CPU.Build.0 = Release|Any CPU
		{B1FD7C92-26E7-4213-8C2B-6221A482DC88}.Release|Any CPU.Deploy.0 = Release|Any CPU
		{B1FD7C92-26E7-4213-8C2B-6221A482DC88}.Release|ARM.ActiveCfg = Release|Any CPU
		{B1FD7C92-26E7-4213-8C2B-6221A482DC88}.Release|ARM.Build.0 = Release|Any CPU
		{B1FD7C92-26E7-4213-8C2B-6221A482DC88}.Release|ARM.Deploy.0 = Release|Any CPU
		{B1FD7C92-26E7-4213-8C2B-6221A482DC88}.Release|iPhone.ActiveCfg = Release|Any CPU
		{B1FD7C92-26E7-4213-8C2B-6221A482DC88}.Release|iPhone.Build.0 = Release|Any CPU
		{B1FD7C92-26E7-4213-8C2B-6221A482DC88}.Release|iPhone.Deploy.0 = Release|Any CPU
		{B1FD7C92-26E7-4213-8C2B-6221A482DC88}.Release|iPhoneSimulator.ActiveCfg = Release|Any CPU
		{B1FD7C92-26E7-4213-8C2B-6221A482DC88}.Release|iPhoneSimulator.Build.0 = Release|Any CPU
		{B1FD7C92-26E7-4213-8C2B-6221A482DC88}.Release|iPhoneSimulator.Deploy.0 = Release|Any CPU
		{B1FD7C92-26E7-4213-8C2B-6221A482DC88}.Release|x64.ActiveCfg = Release|Any CPU
		{B1FD7C92-26E7-4213-8C2B-6221A482DC88}.Release|x64.Build.0 = Release|Any CPU
		{B1FD7C92-26E7-4213-8C2B-6221A482DC88}.Release|x64.Deploy.0 = Release|Any CPU
		{B1FD7C92-26E7-4213-8C2B-6221A482DC88}.Release|x86.ActiveCfg = Release|Any CPU
		{B1FD7C92-26E7-4213-8C2B-6221A482DC88}.Release|x86.Build.0 = Release|Any CPU
		{B1FD7C92-26E7-4213-8C2B-6221A482DC88}.Release|x86.Deploy.0 = Release|Any CPU
		{4730A06F-3CF6-4BF1-87A3-F54E0CD16850}.Ad-Hoc|Any CPU.ActiveCfg = Ad-Hoc|iPhone
		{4730A06F-3CF6-4BF1-87A3-F54E0CD16850}.Ad-Hoc|ARM.ActiveCfg = Ad-Hoc|iPhone
		{4730A06F-3CF6-4BF1-87A3-F54E0CD16850}.Ad-Hoc|iPhone.ActiveCfg = Ad-Hoc|iPhone
		{4730A06F-3CF6-4BF1-87A3-F54E0CD16850}.Ad-Hoc|iPhone.Build.0 = Ad-Hoc|iPhone
		{4730A06F-3CF6-4BF1-87A3-F54E0CD16850}.Ad-Hoc|iPhoneSimulator.ActiveCfg = Ad-Hoc|iPhoneSimulator
		{4730A06F-3CF6-4BF1-87A3-F54E0CD16850}.Ad-Hoc|iPhoneSimulator.Build.0 = Ad-Hoc|iPhoneSimulator
		{4730A06F-3CF6-4BF1-87A3-F54E0CD16850}.Ad-Hoc|x64.ActiveCfg = Ad-Hoc|iPhone
		{4730A06F-3CF6-4BF1-87A3-F54E0CD16850}.Ad-Hoc|x86.ActiveCfg = Ad-Hoc|iPhone
		{4730A06F-3CF6-4BF1-87A3-F54E0CD16850}.AppStore|Any CPU.ActiveCfg = AppStore|iPhone
		{4730A06F-3CF6-4BF1-87A3-F54E0CD16850}.AppStore|ARM.ActiveCfg = AppStore|iPhone
		{4730A06F-3CF6-4BF1-87A3-F54E0CD16850}.AppStore|iPhone.ActiveCfg = AppStore|iPhone
		{4730A06F-3CF6-4BF1-87A3-F54E0CD16850}.AppStore|iPhone.Build.0 = AppStore|iPhone
		{4730A06F-3CF6-4BF1-87A3-F54E0CD16850}.AppStore|iPhoneSimulator.ActiveCfg = AppStore|iPhoneSimulator
		{4730A06F-3CF6-4BF1-87A3-F54E0CD16850}.AppStore|iPhoneSimulator.Build.0 = AppStore|iPhoneSimulator
		{4730A06F-3CF6-4BF1-87A3-F54E0CD16850}.AppStore|x64.ActiveCfg = AppStore|iPhone
		{4730A06F-3CF6-4BF1-87A3-F54E0CD16850}.AppStore|x86.ActiveCfg = AppStore|iPhone
		{4730A06F-3CF6-4BF1-87A3-F54E0CD16850}.Debug|Any CPU.ActiveCfg = Debug|iPhone
		{4730A06F-3CF6-4BF1-87A3-F54E0CD16850}.Debug|ARM.ActiveCfg = Debug|iPhone
		{4730A06F-3CF6-4BF1-87A3-F54E0CD16850}.Debug|iPhone.ActiveCfg = Debug|iPhone
		{4730A06F-3CF6-4BF1-87A3-F54E0CD16850}.Debug|iPhone.Build.0 = Debug|iPhone
		{4730A06F-3CF6-4BF1-87A3-F54E0CD16850}.Debug|iPhoneSimulator.ActiveCfg = Debug|iPhoneSimulator
		{4730A06F-3CF6-4BF1-87A3-F54E0CD16850}.Debug|iPhoneSimulator.Build.0 = Debug|iPhoneSimulator
		{4730A06F-3CF6-4BF1-87A3-F54E0CD16850}.Debug|x64.ActiveCfg = Debug|iPhone
		{4730A06F-3CF6-4BF1-87A3-F54E0CD16850}.Debug|x86.ActiveCfg = Debug|iPhone
		{4730A06F-3CF6-4BF1-87A3-F54E0CD16850}.Release|Any CPU.ActiveCfg = Release|iPhone
		{4730A06F-3CF6-4BF1-87A3-F54E0CD16850}.Release|ARM.ActiveCfg = Release|iPhone
		{4730A06F-3CF6-4BF1-87A3-F54E0CD16850}.Release|iPhone.ActiveCfg = Release|iPhone
		{4730A06F-3CF6-4BF1-87A3-F54E0CD16850}.Release|iPhone.Build.0 = Release|iPhone
		{4730A06F-3CF6-4BF1-87A3-F54E0CD16850}.Release|iPhoneSimulator.ActiveCfg = Release|iPhoneSimulator
		{4730A06F-3CF6-4BF1-87A3-F54E0CD16850}.Release|iPhoneSimulator.Build.0 = Release|iPhoneSimulator
		{4730A06F-3CF6-4BF1-87A3-F54E0CD16850}.Release|x64.ActiveCfg = Release|iPhone
		{4730A06F-3CF6-4BF1-87A3-F54E0CD16850}.Release|x86.ActiveCfg = Release|iPhone
		{5FEC30DF-536B-41CC-939A-FA760F628A5D}.Ad-Hoc|Any CPU.ActiveCfg = Release|x86
		{5FEC30DF-536B-41CC-939A-FA760F628A5D}.Ad-Hoc|Any CPU.Build.0 = Release|x86
		{5FEC30DF-536B-41CC-939A-FA760F628A5D}.Ad-Hoc|Any CPU.Deploy.0 = Release|x86
		{5FEC30DF-536B-41CC-939A-FA760F628A5D}.Ad-Hoc|ARM.ActiveCfg = Release|ARM
		{5FEC30DF-536B-41CC-939A-FA760F628A5D}.Ad-Hoc|ARM.Build.0 = Release|ARM
		{5FEC30DF-536B-41CC-939A-FA760F628A5D}.Ad-Hoc|ARM.Deploy.0 = Release|ARM
		{5FEC30DF-536B-41CC-939A-FA760F628A5D}.Ad-Hoc|iPhone.ActiveCfg = Release|x86
		{5FEC30DF-536B-41CC-939A-FA760F628A5D}.Ad-Hoc|iPhone.Build.0 = Release|x86
		{5FEC30DF-536B-41CC-939A-FA760F628A5D}.Ad-Hoc|iPhone.Deploy.0 = Release|x86
		{5FEC30DF-536B-41CC-939A-FA760F628A5D}.Ad-Hoc|iPhoneSimulator.ActiveCfg = Release|x86
		{5FEC30DF-536B-41CC-939A-FA760F628A5D}.Ad-Hoc|iPhoneSimulator.Build.0 = Release|x86
		{5FEC30DF-536B-41CC-939A-FA760F628A5D}.Ad-Hoc|iPhoneSimulator.Deploy.0 = Release|x86
		{5FEC30DF-536B-41CC-939A-FA760F628A5D}.Ad-Hoc|x64.ActiveCfg = Release|x64
		{5FEC30DF-536B-41CC-939A-FA760F628A5D}.Ad-Hoc|x64.Build.0 = Release|x64
		{5FEC30DF-536B-41CC-939A-FA760F628A5D}.Ad-Hoc|x64.Deploy.0 = Release|x64
		{5FEC30DF-536B-41CC-939A-FA760F628A5D}.Ad-Hoc|x86.ActiveCfg = Release|x86
		{5FEC30DF-536B-41CC-939A-FA760F628A5D}.Ad-Hoc|x86.Build.0 = Release|x86
		{5FEC30DF-536B-41CC-939A-FA760F628A5D}.Ad-Hoc|x86.Deploy.0 = Release|x86
		{5FEC30DF-536B-41CC-939A-FA760F628A5D}.AppStore|Any CPU.ActiveCfg = Release|x86
		{5FEC30DF-536B-41CC-939A-FA760F628A5D}.AppStore|Any CPU.Build.0 = Release|x86
		{5FEC30DF-536B-41CC-939A-FA760F628A5D}.AppStore|Any CPU.Deploy.0 = Release|x86
		{5FEC30DF-536B-41CC-939A-FA760F628A5D}.AppStore|ARM.ActiveCfg = Release|ARM
		{5FEC30DF-536B-41CC-939A-FA760F628A5D}.AppStore|ARM.Build.0 = Release|ARM
		{5FEC30DF-536B-41CC-939A-FA760F628A5D}.AppStore|ARM.Deploy.0 = Release|ARM
		{5FEC30DF-536B-41CC-939A-FA760F628A5D}.AppStore|iPhone.ActiveCfg = Release|x86
		{5FEC30DF-536B-41CC-939A-FA760F628A5D}.AppStore|iPhone.Build.0 = Release|x86
		{5FEC30DF-536B-41CC-939A-FA760F628A5D}.AppStore|iPhone.Deploy.0 = Release|x86
		{5FEC30DF-536B-41CC-939A-FA760F628A5D}.AppStore|iPhoneSimulator.ActiveCfg = Release|x86
		{5FEC30DF-536B-41CC-939A-FA760F628A5D}.AppStore|iPhoneSimulator.Build.0 = Release|x86
		{5FEC30DF-536B-41CC-939A-FA760F628A5D}.AppStore|iPhoneSimulator.Deploy.0 = Release|x86
		{5FEC30DF-536B-41CC-939A-FA760F628A5D}.AppStore|x64.ActiveCfg = Release|x64
		{5FEC30DF-536B-41CC-939A-FA760F628A5D}.AppStore|x64.Build.0 = Release|x64
		{5FEC30DF-536B-41CC-939A-FA760F628A5D}.AppStore|x64.Deploy.0 = Release|x64
		{5FEC30DF-536B-41CC-939A-FA760F628A5D}.AppStore|x86.ActiveCfg = Release|x86
		{5FEC30DF-536B-41CC-939A-FA760F628A5D}.AppStore|x86.Build.0 = Release|x86
		{5FEC30DF-536B-41CC-939A-FA760F628A5D}.AppStore|x86.Deploy.0 = Release|x86
		{5FEC30DF-536B-41CC-939A-FA760F628A5D}.Debug|Any CPU.ActiveCfg = Debug|x86
		{5FEC30DF-536B-41CC-939A-FA760F628A5D}.Debug|ARM.ActiveCfg = Debug|ARM
		{5FEC30DF-536B-41CC-939A-FA760F628A5D}.Debug|ARM.Build.0 = Debug|ARM
		{5FEC30DF-536B-41CC-939A-FA760F628A5D}.Debug|ARM.Deploy.0 = Debug|ARM
		{5FEC30DF-536B-41CC-939A-FA760F628A5D}.Debug|iPhone.ActiveCfg = Debug|x86
		{5FEC30DF-536B-41CC-939A-FA760F628A5D}.Debug|iPhoneSimulator.ActiveCfg = Debug|x86
		{5FEC30DF-536B-41CC-939A-FA760F628A5D}.Debug|x64.ActiveCfg = Debug|x64
		{5FEC30DF-536B-41CC-939A-FA760F628A5D}.Debug|x64.Build.0 = Debug|x64
		{5FEC30DF-536B-41CC-939A-FA760F628A5D}.Debug|x64.Deploy.0 = Debug|x64
		{5FEC30DF-536B-41CC-939A-FA760F628A5D}.Debug|x86.ActiveCfg = Debug|x86
		{5FEC30DF-536B-41CC-939A-FA760F628A5D}.Debug|x86.Build.0 = Debug|x86
		{5FEC30DF-536B-41CC-939A-FA760F628A5D}.Debug|x86.Deploy.0 = Debug|x86
		{5FEC30DF-536B-41CC-939A-FA760F628A5D}.Release|Any CPU.ActiveCfg = Release|x86
		{5FEC30DF-536B-41CC-939A-FA760F628A5D}.Release|ARM.ActiveCfg = Release|ARM
		{5FEC30DF-536B-41CC-939A-FA760F628A5D}.Release|ARM.Build.0 = Release|ARM
		{5FEC30DF-536B-41CC-939A-FA760F628A5D}.Release|ARM.Deploy.0 = Release|ARM
		{5FEC30DF-536B-41CC-939A-FA760F628A5D}.Release|iPhone.ActiveCfg = Release|x86
		{5FEC30DF-536B-41CC-939A-FA760F628A5D}.Release|iPhoneSimulator.ActiveCfg = Release|x86
		{5FEC30DF-536B-41CC-939A-FA760F628A5D}.Release|x64.ActiveCfg = Release|x64
		{5FEC30DF-536B-41CC-939A-FA760F628A5D}.Release|x64.Build.0 = Release|x64
		{5FEC30DF-536B-41CC-939A-FA760F628A5D}.Release|x64.Deploy.0 = Release|x64
		{5FEC30DF-536B-41CC-939A-FA760F628A5D}.Release|x86.ActiveCfg = Release|x86
		{5FEC30DF-536B-41CC-939A-FA760F628A5D}.Release|x86.Build.0 = Release|x86
		{5FEC30DF-536B-41CC-939A-FA760F628A5D}.Release|x86.Deploy.0 = Release|x86
		{A1D95762-B17F-441D-BAA3-533456753108}.Ad-Hoc|Any CPU.ActiveCfg = Debug|Any CPU
		{A1D95762-B17F-441D-BAA3-533456753108}.Ad-Hoc|Any CPU.Build.0 = Debug|Any CPU
		{A1D95762-B17F-441D-BAA3-533456753108}.Ad-Hoc|ARM.ActiveCfg = Debug|Any CPU
		{A1D95762-B17F-441D-BAA3-533456753108}.Ad-Hoc|ARM.Build.0 = Debug|Any CPU
		{A1D95762-B17F-441D-BAA3-533456753108}.Ad-Hoc|iPhone.ActiveCfg = Debug|Any CPU
		{A1D95762-B17F-441D-BAA3-533456753108}.Ad-Hoc|iPhone.Build.0 = Debug|Any CPU
		{A1D95762-B17F-441D-BAA3-533456753108}.Ad-Hoc|iPhoneSimulator.ActiveCfg = Debug|Any CPU
		{A1D95762-B17F-441D-BAA3-533456753108}.Ad-Hoc|iPhoneSimulator.Build.0 = Debug|Any CPU
		{A1D95762-B17F-441D-BAA3-533456753108}.Ad-Hoc|x64.ActiveCfg = Debug|Any CPU
		{A1D95762-B17F-441D-BAA3-533456753108}.Ad-Hoc|x64.Build.0 = Debug|Any CPU
		{A1D95762-B17F-441D-BAA3-533456753108}.Ad-Hoc|x86.ActiveCfg = Debug|Any CPU
		{A1D95762-B17F-441D-BAA3-533456753108}.Ad-Hoc|x86.Build.0 = Debug|Any CPU
		{A1D95762-B17F-441D-BAA3-533456753108}.AppStore|Any CPU.ActiveCfg = Debug|Any CPU
		{A1D95762-B17F-441D-BAA3-533456753108}.AppStore|Any CPU.Build.0 = Debug|Any CPU
		{A1D95762-B17F-441D-BAA3-533456753108}.AppStore|ARM.ActiveCfg = Debug|Any CPU
		{A1D95762-B17F-441D-BAA3-533456753108}.AppStore|ARM.Build.0 = Debug|Any CPU
		{A1D95762-B17F-441D-BAA3-533456753108}.AppStore|iPhone.ActiveCfg = Debug|Any CPU
		{A1D95762-B17F-441D-BAA3-533456753108}.AppStore|iPhone.Build.0 = Debug|Any CPU
		{A1D95762-B17F-441D-BAA3-533456753108}.AppStore|iPhoneSimulator.ActiveCfg = Debug|Any CPU
		{A1D95762-B17F-441D-BAA3-533456753108}.AppStore|iPhoneSimulator.Build.0 = Debug|Any CPU
		{A1D95762-B17F-441D-BAA3-533456753108}.AppStore|x64.ActiveCfg = Debug|Any CPU
		{A1D95762-B17F-441D-BAA3-533456753108}.AppStore|x64.Build.0 = Debug|Any CPU
		{A1D95762-B17F-441D-BAA3-533456753108}.AppStore|x86.ActiveCfg = Debug|Any CPU
		{A1D95762-B17F-441D-BAA3-533456753108}.AppStore|x86.Build.0 = Debug|Any CPU
		{A1D95762-B17F-441D-BAA3-533456753108}.Debug|Any CPU.ActiveCfg = Debug|Any CPU
		{A1D95762-B17F-441D-BAA3-533456753108}.Debug|Any CPU.Build.0 = Debug|Any CPU
		{A1D95762-B17F-441D-BAA3-533456753108}.Debug|ARM.ActiveCfg = Debug|Any CPU
		{A1D95762-B17F-441D-BAA3-533456753108}.Debug|ARM.Build.0 = Debug|Any CPU
		{A1D95762-B17F-441D-BAA3-533456753108}.Debug|iPhone.ActiveCfg = Debug|Any CPU
		{A1D95762-B17F-441D-BAA3-533456753108}.Debug|iPhone.Build.0 = Debug|Any CPU
		{A1D95762-B17F-441D-BAA3-533456753108}.Debug|iPhoneSimulator.ActiveCfg = Debug|Any CPU
		{A1D95762-B17F-441D-BAA3-533456753108}.Debug|iPhoneSimulator.Build.0 = Debug|Any CPU
		{A1D95762-B17F-441D-BAA3-533456753108}.Debug|x64.ActiveCfg = Debug|Any CPU
		{A1D95762-B17F-441D-BAA3-533456753108}.Debug|x64.Build.0 = Debug|Any CPU
		{A1D95762-B17F-441D-BAA3-533456753108}.Debug|x86.ActiveCfg = Debug|Any CPU
		{A1D95762-B17F-441D-BAA3-533456753108}.Debug|x86.Build.0 = Debug|Any CPU
		{A1D95762-B17F-441D-BAA3-533456753108}.Release|Any CPU.ActiveCfg = Release|Any CPU
		{A1D95762-B17F-441D-BAA3-533456753108}.Release|Any CPU.Build.0 = Release|Any CPU
		{A1D95762-B17F-441D-BAA3-533456753108}.Release|ARM.ActiveCfg = Release|Any CPU
		{A1D95762-B17F-441D-BAA3-533456753108}.Release|ARM.Build.0 = Release|Any CPU
		{A1D95762-B17F-441D-BAA3-533456753108}.Release|iPhone.ActiveCfg = Release|Any CPU
		{A1D95762-B17F-441D-BAA3-533456753108}.Release|iPhone.Build.0 = Release|Any CPU
		{A1D95762-B17F-441D-BAA3-533456753108}.Release|iPhoneSimulator.ActiveCfg = Release|Any CPU
		{A1D95762-B17F-441D-BAA3-533456753108}.Release|iPhoneSimulator.Build.0 = Release|Any CPU
		{A1D95762-B17F-441D-BAA3-533456753108}.Release|x64.ActiveCfg = Release|Any CPU
		{A1D95762-B17F-441D-BAA3-533456753108}.Release|x64.Build.0 = Release|Any CPU
		{A1D95762-B17F-441D-BAA3-533456753108}.Release|x86.ActiveCfg = Release|Any CPU
		{A1D95762-B17F-441D-BAA3-533456753108}.Release|x86.Build.0 = Release|Any CPU
	EndGlobalSection
	GlobalSection(SolutionProperties) = preSolution
		HideSolutionNode = FALSE
	EndGlobalSection
	GlobalSection(ExtensibilityGlobals) = postSolution
		SolutionGuid = {C2C3994E-314B-4468-B851-3B3F2EE3A538}
	EndGlobalSection
EndGlobal
